// !$*UTF8*$!
{
	archiveVersion = 1;
	classes = {
	};
	objectVersion = 50;
	objects = {

/* Begin PBXBuildFile section */
		7F0835E9264C969200A940FA /* RecordsViewModel.swift in Sources */ = {isa = PBXBuildFile; fileRef = 7F0835E8264C969200A940FA /* RecordsViewModel.swift */; };
		7F0835EB264CA30400A940FA /* FetchedObjectList.swift in Sources */ = {isa = PBXBuildFile; fileRef = 7F0835EA264CA30400A940FA /* FetchedObjectList.swift */; };
		7F0835ED264CA7AB00A940FA /* Publisher.swift in Sources */ = {isa = PBXBuildFile; fileRef = 7F0835EC264CA7AB00A940FA /* Publisher.swift */; };
		7F27D54E2620D6B0000B7360 /* RootViewController.swift in Sources */ = {isa = PBXBuildFile; fileRef = 7F27D54D2620D6B0000B7360 /* RootViewController.swift */; };
		7F2892D2263391EA009A8ADE /* ScaleButtonStyle.swift in Sources */ = {isa = PBXBuildFile; fileRef = 7F2892D1263391EA009A8ADE /* ScaleButtonStyle.swift */; };
		7F49DFAC2620FD47006228A9 /* DoorFormView.swift in Sources */ = {isa = PBXBuildFile; fileRef = 7F49DFAB2620FD47006228A9 /* DoorFormView.swift */; };
		7F49DFD726221F80006228A9 /* UIEnvironmentValues.swift in Sources */ = {isa = PBXBuildFile; fileRef = 7F49DFD626221F80006228A9 /* UIEnvironmentValues.swift */; };
		7F5018CD264C222D0085EF93 /* RecordsCells.swift in Sources */ = {isa = PBXBuildFile; fileRef = 7F5018CC264C222D0085EF93 /* RecordsCells.swift */; };
		7F5018CF264C22D90085EF93 /* RecordsCollectionView.swift in Sources */ = {isa = PBXBuildFile; fileRef = 7F5018CE264C22D90085EF93 /* RecordsCollectionView.swift */; };
		7F5310FF260E667300F5F3BE /* RecordCollectionViewListCellContentConfiguration.swift in Sources */ = {isa = PBXBuildFile; fileRef = 7F5310FE260E667300F5F3BE /* RecordCollectionViewListCellContentConfiguration.swift */; };
		7F531104260E66B400F5F3BE /* RecordCollectionViewListCellContentView.swift in Sources */ = {isa = PBXBuildFile; fileRef = 7F531103260E66B400F5F3BE /* RecordCollectionViewListCellContentView.swift */; };
		7F53110F260E714900F5F3BE /* RecordCollectionViewListCell.swift in Sources */ = {isa = PBXBuildFile; fileRef = 7F53110E260E714900F5F3BE /* RecordCollectionViewListCell.swift */; };
		7F5311282610404D00F5F3BE /* UIFont+Extension.swift in Sources */ = {isa = PBXBuildFile; fileRef = 7F5311272610404D00F5F3BE /* UIFont+Extension.swift */; };
		7F5DA90C2620E67A00043B18 /* CloudKit.framework in Frameworks */ = {isa = PBXBuildFile; fileRef = 7F5DA90B2620E67A00043B18 /* CloudKit.framework */; };
		7F66B8DC2687B33700045C53 /* CollectionItem.swift in Sources */ = {isa = PBXBuildFile; fileRef = 7F66B8DB2687B33700045C53 /* CollectionItem.swift */; };
		7F8A31732622460C003F8FB7 /* View+AssignToUI.swift in Sources */ = {isa = PBXBuildFile; fileRef = 7F8A31722622460C003F8FB7 /* View+AssignToUI.swift */; };
		7FA3CAC42637B73000F9E130 /* DoorsViewController.swift in Sources */ = {isa = PBXBuildFile; fileRef = 7FA3CAC32637B73000F9E130 /* DoorsViewController.swift */; };
		7FB7416A2633504000D0C224 /* EnvironmentUIPreviewWrapper.swift in Sources */ = {isa = PBXBuildFile; fileRef = 7FB741692633504000D0C224 /* EnvironmentUIPreviewWrapper.swift */; };
		7FD8B3512620BD0100B51D86 /* CoreDataPublisher.swift in Sources */ = {isa = PBXBuildFile; fileRef = 7FD8B3502620BD0100B51D86 /* CoreDataPublisher.swift */; };
		7FD99B8326817D1D00EE6E1A /* ManagedObjectChangesPublisher.swift in Sources */ = {isa = PBXBuildFile; fileRef = 7FD99B8226817D1D00EE6E1A /* ManagedObjectChangesPublisher.swift */; };
		7FE71393262DF68200FF9B10 /* MoveRecordView.swift in Sources */ = {isa = PBXBuildFile; fileRef = 7FE71392262DF68200FF9B10 /* MoveRecordView.swift */; };
		7FE7139E262E17D800FF9B10 /* RecordRow.swift in Sources */ = {isa = PBXBuildFile; fileRef = 7FE7139D262E17D800FF9B10 /* RecordRow.swift */; };
		7FE713A9262E3A2F00FF9B10 /* VisualEffectView.swift in Sources */ = {isa = PBXBuildFile; fileRef = 7FE713A8262E3A2F00FF9B10 /* VisualEffectView.swift */; };
		7FE9BD6B264F73EC00E5FB18 /* NavigationSubheader.swift in Sources */ = {isa = PBXBuildFile; fileRef = 7FE9BD6A264F73EC00E5FB18 /* NavigationSubheader.swift */; };
		7FE9BD6E264F777600E5FB18 /* DoorsViewModel.swift in Sources */ = {isa = PBXBuildFile; fileRef = 7FE9BD6D264F777600E5FB18 /* DoorsViewModel.swift */; };
		7FFEBE012638C9C40098C160 /* CollectionListHeader.swift in Sources */ = {isa = PBXBuildFile; fileRef = 7FFEBE002638C9C40098C160 /* CollectionListHeader.swift */; };
		7FFEBE032638CBBB0098C160 /* CollectionListHeaderCellContentView.swift in Sources */ = {isa = PBXBuildFile; fileRef = 7FFEBE022638CBBB0098C160 /* CollectionListHeaderCellContentView.swift */; };
		7FFEBE052638CBF80098C160 /* CollectionListHeaderCellContentConfiguration.swift in Sources */ = {isa = PBXBuildFile; fileRef = 7FFEBE042638CBF80098C160 /* CollectionListHeaderCellContentConfiguration.swift */; };
		7FFEBE07263B8B270098C160 /* CollectionListHeaderCell.swift in Sources */ = {isa = PBXBuildFile; fileRef = 7FFEBE06263B8B270098C160 /* CollectionListHeaderCell.swift */; };
		E24673BB25F0623600A0653B /* AppDelegate.swift in Sources */ = {isa = PBXBuildFile; fileRef = E24673BA25F0623600A0653B /* AppDelegate.swift */; };
		E24673C625F0625700A0653B /* SceneDelegate.swift in Sources */ = {isa = PBXBuildFile; fileRef = E24673C525F0625700A0653B /* SceneDelegate.swift */; };
		E253C5CC25F0878900C0DDD8 /* RecordsViewController.swift in Sources */ = {isa = PBXBuildFile; fileRef = E253C5CB25F0878900C0DDD8 /* RecordsViewController.swift */; };
		E25A15C425E072780065517B /* Assets.xcassets in Resources */ = {isa = PBXBuildFile; fileRef = E25A15C325E072780065517B /* Assets.xcassets */; };
		E25A15C725E072780065517B /* Preview Assets.xcassets in Resources */ = {isa = PBXBuildFile; fileRef = E25A15C625E072780065517B /* Preview Assets.xcassets */; };
		E25A15D525E072780065517B /* Knock_KnockTests.swift in Sources */ = {isa = PBXBuildFile; fileRef = E25A15D425E072780065517B /* Knock_KnockTests.swift */; };
		E25A15E025E072780065517B /* Knock_KnockUITests.swift in Sources */ = {isa = PBXBuildFile; fileRef = E25A15DF25E072780065517B /* Knock_KnockUITests.swift */; };
		E25A15F125E072F10065517B /* Persistence.swift in Sources */ = {isa = PBXBuildFile; fileRef = E25A15F025E072F10065517B /* Persistence.swift */; };
		E25A160525E073B90065517B /* NSManagedObjectContext.swift in Sources */ = {isa = PBXBuildFile; fileRef = E25A160425E073B90065517B /* NSManagedObjectContext.swift */; };
		E25A162B25E07AC60065517B /* Knock_Knock.xcdatamodeld in Sources */ = {isa = PBXBuildFile; fileRef = E25A162925E07AC60065517B /* Knock_Knock.xcdatamodeld */; };
		E25A163925E07BFF0065517B /* DeleteConfirmation.swift in Sources */ = {isa = PBXBuildFile; fileRef = E25A163825E07BFF0065517B /* DeleteConfirmation.swift */; };
		E25A163E25E07CC30065517B /* FilledBackground.swift in Sources */ = {isa = PBXBuildFile; fileRef = E25A163D25E07CC30065517B /* FilledBackground.swift */; };
		E25A164325E07F4C0065517B /* Bundle.swift in Sources */ = {isa = PBXBuildFile; fileRef = E25A164225E07F4C0065517B /* Bundle.swift */; };
		E25A164825E07F8D0065517B /* Configure.swift in Sources */ = {isa = PBXBuildFile; fileRef = E25A164725E07F8D0065517B /* Configure.swift */; };
		E25A165425E07FC70065517B /* LocationManager.swift in Sources */ = {isa = PBXBuildFile; fileRef = E25A165325E07FC70065517B /* LocationManager.swift */; };
		E25A166025E080190065517B /* LocationRequest.swift in Sources */ = {isa = PBXBuildFile; fileRef = E25A165F25E080190065517B /* LocationRequest.swift */; };
		E25A166825E0804E0065517B /* Binding.swift in Sources */ = {isa = PBXBuildFile; fileRef = E25A166725E0804E0065517B /* Binding.swift */; };
		E25A166D25E080960065517B /* PlatformModifiers.swift in Sources */ = {isa = PBXBuildFile; fileRef = E25A166C25E080960065517B /* PlatformModifiers.swift */; };
		E25A167525E080D00065517B /* SheetState.swift in Sources */ = {isa = PBXBuildFile; fileRef = E25A167425E080D00065517B /* SheetState.swift */; };
		E25A167A25E081430065517B /* StatefulPreviewWrapper.swift in Sources */ = {isa = PBXBuildFile; fileRef = E25A167925E081430065517B /* StatefulPreviewWrapper.swift */; };
		E25A167F25E081750065517B /* UserDefault.swift in Sources */ = {isa = PBXBuildFile; fileRef = E25A167E25E081750065517B /* UserDefault.swift */; };
		E25A168425E081B60065517B /* FormLabel.swift in Sources */ = {isa = PBXBuildFile; fileRef = E25A168325E081B60065517B /* FormLabel.swift */; };
		E25A169625E083240065517B /* Tag.swift in Sources */ = {isa = PBXBuildFile; fileRef = E25A169525E083240065517B /* Tag.swift */; };
		E25A169B25E083A80065517B /* CardGroupBoxStyle.swift in Sources */ = {isa = PBXBuildFile; fileRef = E25A169A25E083A80065517B /* CardGroupBoxStyle.swift */; };
		E25A16A825E084390065517B /* Record+Extension.swift in Sources */ = {isa = PBXBuildFile; fileRef = E25A16A725E084390065517B /* Record+Extension.swift */; };
		E25A16AD25E0847C0065517B /* Door+Extension.swift in Sources */ = {isa = PBXBuildFile; fileRef = E25A16AC25E0847C0065517B /* Door+Extension.swift */; };
		E25A16B225E084BD0065517B /* Visit+Extension.swift in Sources */ = {isa = PBXBuildFile; fileRef = E25A16B125E084BD0065517B /* Visit+Extension.swift */; };
		E25A16BA25E0854C0065517B /* RecordType.swift in Sources */ = {isa = PBXBuildFile; fileRef = E25A16B925E0854C0065517B /* RecordType.swift */; };
		E25A16C225E0857B0065517B /* VisitSymbol.swift in Sources */ = {isa = PBXBuildFile; fileRef = E25A16C125E0857B0065517B /* VisitSymbol.swift */; };
		E25A16C725E085940065517B /* VisitPerson.swift in Sources */ = {isa = PBXBuildFile; fileRef = E25A16C625E085940065517B /* VisitPerson.swift */; };
		E25A16CC25E085E50065517B /* Visit+UI.swift in Sources */ = {isa = PBXBuildFile; fileRef = E25A16CB25E085E50065517B /* Visit+UI.swift */; };
		E25A16D125E0863C0065517B /* Record+UI.swift in Sources */ = {isa = PBXBuildFile; fileRef = E25A16D025E0863C0065517B /* Record+UI.swift */; };
		E25A170725E095FE0065517B /* RecordFormView.swift in Sources */ = {isa = PBXBuildFile; fileRef = E25A170625E095FE0065517B /* RecordFormView.swift */; };
		E25A172725E0B1D40065517B /* Territory+Extension.swift in Sources */ = {isa = PBXBuildFile; fileRef = E25A172625E0B1D40065517B /* Territory+Extension.swift */; };
		E27AAB0D25ED8B9D00342603 /* Color+Extension.swift in Sources */ = {isa = PBXBuildFile; fileRef = E27AAB0C25ED8B9D00342603 /* Color+Extension.swift */; };
		E2BB6FC125EB3F2600731EDE /* UIColor.swift in Sources */ = {isa = PBXBuildFile; fileRef = E2BB6FC025EB3F2600731EDE /* UIColor.swift */; };
		E2BB6FDB25EB6DF600731EDE /* ModelManagedObject.swift in Sources */ = {isa = PBXBuildFile; fileRef = E2BB6FDA25EB6DF600731EDE /* ModelManagedObject.swift */; };
		E2C9A75C25EEBA4700F50817 /* Localizable.strings in Resources */ = {isa = PBXBuildFile; fileRef = E2C9A75E25EEBA4700F50817 /* Localizable.strings */; };
/* End PBXBuildFile section */

/* Begin PBXContainerItemProxy section */
		E25A15D125E072780065517B /* PBXContainerItemProxy */ = {
			isa = PBXContainerItemProxy;
			containerPortal = E25A15AF25E072740065517B /* Project object */;
			proxyType = 1;
			remoteGlobalIDString = E25A15B625E072740065517B;
			remoteInfo = "Knock-Knock";
		};
		E25A15DC25E072780065517B /* PBXContainerItemProxy */ = {
			isa = PBXContainerItemProxy;
			containerPortal = E25A15AF25E072740065517B /* Project object */;
			proxyType = 1;
			remoteGlobalIDString = E25A15B625E072740065517B;
			remoteInfo = "Knock-Knock";
		};
/* End PBXContainerItemProxy section */

/* Begin PBXFileReference section */
		7F0835E8264C969200A940FA /* RecordsViewModel.swift */ = {isa = PBXFileReference; lastKnownFileType = sourcecode.swift; path = RecordsViewModel.swift; sourceTree = "<group>"; };
		7F0835EA264CA30400A940FA /* FetchedObjectList.swift */ = {isa = PBXFileReference; lastKnownFileType = sourcecode.swift; path = FetchedObjectList.swift; sourceTree = "<group>"; };
		7F0835EC264CA7AB00A940FA /* Publisher.swift */ = {isa = PBXFileReference; lastKnownFileType = sourcecode.swift; path = Publisher.swift; sourceTree = "<group>"; };
		7F27D54D2620D6B0000B7360 /* RootViewController.swift */ = {isa = PBXFileReference; lastKnownFileType = sourcecode.swift; path = RootViewController.swift; sourceTree = "<group>"; };
		7F2892D1263391EA009A8ADE /* ScaleButtonStyle.swift */ = {isa = PBXFileReference; lastKnownFileType = sourcecode.swift; path = ScaleButtonStyle.swift; sourceTree = "<group>"; };
		7F49DFAB2620FD47006228A9 /* DoorFormView.swift */ = {isa = PBXFileReference; lastKnownFileType = sourcecode.swift; path = DoorFormView.swift; sourceTree = "<group>"; };
		7F49DFD626221F80006228A9 /* UIEnvironmentValues.swift */ = {isa = PBXFileReference; lastKnownFileType = sourcecode.swift; path = UIEnvironmentValues.swift; sourceTree = "<group>"; };
		7F5018CC264C222D0085EF93 /* RecordsCells.swift */ = {isa = PBXFileReference; lastKnownFileType = sourcecode.swift; path = RecordsCells.swift; sourceTree = "<group>"; };
		7F5018CE264C22D90085EF93 /* RecordsCollectionView.swift */ = {isa = PBXFileReference; lastKnownFileType = sourcecode.swift; path = RecordsCollectionView.swift; sourceTree = "<group>"; };
		7F5310FE260E667300F5F3BE /* RecordCollectionViewListCellContentConfiguration.swift */ = {isa = PBXFileReference; lastKnownFileType = sourcecode.swift; path = RecordCollectionViewListCellContentConfiguration.swift; sourceTree = "<group>"; };
		7F531103260E66B400F5F3BE /* RecordCollectionViewListCellContentView.swift */ = {isa = PBXFileReference; lastKnownFileType = sourcecode.swift; path = RecordCollectionViewListCellContentView.swift; sourceTree = "<group>"; };
		7F53110E260E714900F5F3BE /* RecordCollectionViewListCell.swift */ = {isa = PBXFileReference; lastKnownFileType = sourcecode.swift; path = RecordCollectionViewListCell.swift; sourceTree = "<group>"; };
		7F5311272610404D00F5F3BE /* UIFont+Extension.swift */ = {isa = PBXFileReference; lastKnownFileType = sourcecode.swift; path = "UIFont+Extension.swift"; sourceTree = "<group>"; };
		7F5DA90B2620E67A00043B18 /* CloudKit.framework */ = {isa = PBXFileReference; lastKnownFileType = wrapper.framework; name = CloudKit.framework; path = System/Library/Frameworks/CloudKit.framework; sourceTree = SDKROOT; };
		7F66B8DB2687B33700045C53 /* CollectionItem.swift */ = {isa = PBXFileReference; lastKnownFileType = sourcecode.swift; path = CollectionItem.swift; sourceTree = "<group>"; };
		7F8A31722622460C003F8FB7 /* View+AssignToUI.swift */ = {isa = PBXFileReference; lastKnownFileType = sourcecode.swift; path = "View+AssignToUI.swift"; sourceTree = "<group>"; };
		7FA3CAC32637B73000F9E130 /* DoorsViewController.swift */ = {isa = PBXFileReference; lastKnownFileType = sourcecode.swift; path = DoorsViewController.swift; sourceTree = "<group>"; };
		7FB741692633504000D0C224 /* EnvironmentUIPreviewWrapper.swift */ = {isa = PBXFileReference; lastKnownFileType = sourcecode.swift; path = EnvironmentUIPreviewWrapper.swift; sourceTree = "<group>"; };
		7FD8B3502620BD0100B51D86 /* CoreDataPublisher.swift */ = {isa = PBXFileReference; lastKnownFileType = sourcecode.swift; path = CoreDataPublisher.swift; sourceTree = "<group>"; };
		7FD99B8226817D1D00EE6E1A /* ManagedObjectChangesPublisher.swift */ = {isa = PBXFileReference; lastKnownFileType = sourcecode.swift; path = ManagedObjectChangesPublisher.swift; sourceTree = "<group>"; };
		7FE71392262DF68200FF9B10 /* MoveRecordView.swift */ = {isa = PBXFileReference; lastKnownFileType = sourcecode.swift; path = MoveRecordView.swift; sourceTree = "<group>"; };
		7FE7139D262E17D800FF9B10 /* RecordRow.swift */ = {isa = PBXFileReference; lastKnownFileType = sourcecode.swift; path = RecordRow.swift; sourceTree = "<group>"; };
		7FE713A8262E3A2F00FF9B10 /* VisualEffectView.swift */ = {isa = PBXFileReference; lastKnownFileType = sourcecode.swift; path = VisualEffectView.swift; sourceTree = "<group>"; };
		7FE9BD6A264F73EC00E5FB18 /* NavigationSubheader.swift */ = {isa = PBXFileReference; lastKnownFileType = sourcecode.swift; path = NavigationSubheader.swift; sourceTree = "<group>"; };
		7FE9BD6D264F777600E5FB18 /* DoorsViewModel.swift */ = {isa = PBXFileReference; lastKnownFileType = sourcecode.swift; path = DoorsViewModel.swift; sourceTree = "<group>"; };
		7FFEBE002638C9C40098C160 /* CollectionListHeader.swift */ = {isa = PBXFileReference; lastKnownFileType = sourcecode.swift; path = CollectionListHeader.swift; sourceTree = "<group>"; };
		7FFEBE022638CBBB0098C160 /* CollectionListHeaderCellContentView.swift */ = {isa = PBXFileReference; lastKnownFileType = sourcecode.swift; path = CollectionListHeaderCellContentView.swift; sourceTree = "<group>"; };
		7FFEBE042638CBF80098C160 /* CollectionListHeaderCellContentConfiguration.swift */ = {isa = PBXFileReference; lastKnownFileType = sourcecode.swift; path = CollectionListHeaderCellContentConfiguration.swift; sourceTree = "<group>"; };
		7FFEBE06263B8B270098C160 /* CollectionListHeaderCell.swift */ = {isa = PBXFileReference; lastKnownFileType = sourcecode.swift; path = CollectionListHeaderCell.swift; sourceTree = "<group>"; };
		E24673BA25F0623600A0653B /* AppDelegate.swift */ = {isa = PBXFileReference; lastKnownFileType = sourcecode.swift; path = AppDelegate.swift; sourceTree = "<group>"; };
		E24673C525F0625700A0653B /* SceneDelegate.swift */ = {isa = PBXFileReference; lastKnownFileType = sourcecode.swift; path = SceneDelegate.swift; sourceTree = "<group>"; };
		E253C5CB25F0878900C0DDD8 /* RecordsViewController.swift */ = {isa = PBXFileReference; lastKnownFileType = sourcecode.swift; path = RecordsViewController.swift; sourceTree = "<group>"; };
		E25A15B725E072740065517B /* Knock Knock.app */ = {isa = PBXFileReference; explicitFileType = wrapper.application; includeInIndex = 0; path = "Knock Knock.app"; sourceTree = BUILT_PRODUCTS_DIR; };
		E25A15C325E072780065517B /* Assets.xcassets */ = {isa = PBXFileReference; lastKnownFileType = folder.assetcatalog; path = Assets.xcassets; sourceTree = "<group>"; };
		E25A15C625E072780065517B /* Preview Assets.xcassets */ = {isa = PBXFileReference; lastKnownFileType = folder.assetcatalog; path = "Preview Assets.xcassets"; sourceTree = "<group>"; };
		E25A15CB25E072780065517B /* Info.plist */ = {isa = PBXFileReference; lastKnownFileType = text.plist.xml; path = Info.plist; sourceTree = "<group>"; };
		E25A15D025E072780065517B /* Knock KnockTests.xctest */ = {isa = PBXFileReference; explicitFileType = wrapper.cfbundle; includeInIndex = 0; path = "Knock KnockTests.xctest"; sourceTree = BUILT_PRODUCTS_DIR; };
		E25A15D425E072780065517B /* Knock_KnockTests.swift */ = {isa = PBXFileReference; lastKnownFileType = sourcecode.swift; path = Knock_KnockTests.swift; sourceTree = "<group>"; };
		E25A15D625E072780065517B /* Info.plist */ = {isa = PBXFileReference; lastKnownFileType = text.plist.xml; path = Info.plist; sourceTree = "<group>"; };
		E25A15DB25E072780065517B /* Knock KnockUITests.xctest */ = {isa = PBXFileReference; explicitFileType = wrapper.cfbundle; includeInIndex = 0; path = "Knock KnockUITests.xctest"; sourceTree = BUILT_PRODUCTS_DIR; };
		E25A15DF25E072780065517B /* Knock_KnockUITests.swift */ = {isa = PBXFileReference; lastKnownFileType = sourcecode.swift; path = Knock_KnockUITests.swift; sourceTree = "<group>"; };
		E25A15E125E072780065517B /* Info.plist */ = {isa = PBXFileReference; lastKnownFileType = text.plist.xml; path = Info.plist; sourceTree = "<group>"; };
		E25A15F025E072F10065517B /* Persistence.swift */ = {isa = PBXFileReference; lastKnownFileType = sourcecode.swift; path = Persistence.swift; sourceTree = "<group>"; };
		E25A160425E073B90065517B /* NSManagedObjectContext.swift */ = {isa = PBXFileReference; lastKnownFileType = sourcecode.swift; path = NSManagedObjectContext.swift; sourceTree = "<group>"; };
		E25A162A25E07AC60065517B /* Knock_Knock.xcdatamodel */ = {isa = PBXFileReference; lastKnownFileType = wrapper.xcdatamodel; path = Knock_Knock.xcdatamodel; sourceTree = "<group>"; };
		E25A163825E07BFF0065517B /* DeleteConfirmation.swift */ = {isa = PBXFileReference; lastKnownFileType = sourcecode.swift; path = DeleteConfirmation.swift; sourceTree = "<group>"; };
		E25A163D25E07CC30065517B /* FilledBackground.swift */ = {isa = PBXFileReference; lastKnownFileType = sourcecode.swift; path = FilledBackground.swift; sourceTree = "<group>"; };
		E25A164225E07F4C0065517B /* Bundle.swift */ = {isa = PBXFileReference; lastKnownFileType = sourcecode.swift; path = Bundle.swift; sourceTree = "<group>"; };
		E25A164725E07F8D0065517B /* Configure.swift */ = {isa = PBXFileReference; lastKnownFileType = sourcecode.swift; path = Configure.swift; sourceTree = "<group>"; };
		E25A165325E07FC70065517B /* LocationManager.swift */ = {isa = PBXFileReference; lastKnownFileType = sourcecode.swift; path = LocationManager.swift; sourceTree = "<group>"; };
		E25A165F25E080190065517B /* LocationRequest.swift */ = {isa = PBXFileReference; lastKnownFileType = sourcecode.swift; path = LocationRequest.swift; sourceTree = "<group>"; };
		E25A166725E0804E0065517B /* Binding.swift */ = {isa = PBXFileReference; lastKnownFileType = sourcecode.swift; path = Binding.swift; sourceTree = "<group>"; };
		E25A166C25E080960065517B /* PlatformModifiers.swift */ = {isa = PBXFileReference; lastKnownFileType = sourcecode.swift; path = PlatformModifiers.swift; sourceTree = "<group>"; };
		E25A167425E080D00065517B /* SheetState.swift */ = {isa = PBXFileReference; lastKnownFileType = sourcecode.swift; path = SheetState.swift; sourceTree = "<group>"; };
		E25A167925E081430065517B /* StatefulPreviewWrapper.swift */ = {isa = PBXFileReference; lastKnownFileType = sourcecode.swift; path = StatefulPreviewWrapper.swift; sourceTree = "<group>"; };
		E25A167E25E081750065517B /* UserDefault.swift */ = {isa = PBXFileReference; lastKnownFileType = sourcecode.swift; path = UserDefault.swift; sourceTree = "<group>"; };
		E25A168325E081B60065517B /* FormLabel.swift */ = {isa = PBXFileReference; lastKnownFileType = sourcecode.swift; path = FormLabel.swift; sourceTree = "<group>"; };
		E25A169525E083240065517B /* Tag.swift */ = {isa = PBXFileReference; lastKnownFileType = sourcecode.swift; path = Tag.swift; sourceTree = "<group>"; };
		E25A169A25E083A80065517B /* CardGroupBoxStyle.swift */ = {isa = PBXFileReference; lastKnownFileType = sourcecode.swift; path = CardGroupBoxStyle.swift; sourceTree = "<group>"; };
		E25A16A725E084390065517B /* Record+Extension.swift */ = {isa = PBXFileReference; lastKnownFileType = sourcecode.swift; path = "Record+Extension.swift"; sourceTree = "<group>"; };
		E25A16AC25E0847C0065517B /* Door+Extension.swift */ = {isa = PBXFileReference; lastKnownFileType = sourcecode.swift; path = "Door+Extension.swift"; sourceTree = "<group>"; };
		E25A16B125E084BD0065517B /* Visit+Extension.swift */ = {isa = PBXFileReference; lastKnownFileType = sourcecode.swift; path = "Visit+Extension.swift"; sourceTree = "<group>"; };
		E25A16B925E0854C0065517B /* RecordType.swift */ = {isa = PBXFileReference; lastKnownFileType = sourcecode.swift; path = RecordType.swift; sourceTree = "<group>"; };
		E25A16C125E0857B0065517B /* VisitSymbol.swift */ = {isa = PBXFileReference; lastKnownFileType = sourcecode.swift; path = VisitSymbol.swift; sourceTree = "<group>"; wrapsLines = 0; };
		E25A16C625E085940065517B /* VisitPerson.swift */ = {isa = PBXFileReference; lastKnownFileType = sourcecode.swift; path = VisitPerson.swift; sourceTree = "<group>"; };
		E25A16CB25E085E50065517B /* Visit+UI.swift */ = {isa = PBXFileReference; lastKnownFileType = sourcecode.swift; path = "Visit+UI.swift"; sourceTree = "<group>"; };
		E25A16D025E0863C0065517B /* Record+UI.swift */ = {isa = PBXFileReference; lastKnownFileType = sourcecode.swift; path = "Record+UI.swift"; sourceTree = "<group>"; };
		E25A170625E095FE0065517B /* RecordFormView.swift */ = {isa = PBXFileReference; lastKnownFileType = sourcecode.swift; path = RecordFormView.swift; sourceTree = "<group>"; };
		E25A172625E0B1D40065517B /* Territory+Extension.swift */ = {isa = PBXFileReference; lastKnownFileType = sourcecode.swift; path = "Territory+Extension.swift"; sourceTree = "<group>"; };
		E25A176525E0B52B0065517B /* Knock Knock.entitlements */ = {isa = PBXFileReference; lastKnownFileType = text.plist.entitlements; path = "Knock Knock.entitlements"; sourceTree = "<group>"; };
		E27AAB0C25ED8B9D00342603 /* Color+Extension.swift */ = {isa = PBXFileReference; lastKnownFileType = sourcecode.swift; path = "Color+Extension.swift"; sourceTree = "<group>"; };
		E2BB6FC025EB3F2600731EDE /* UIColor.swift */ = {isa = PBXFileReference; lastKnownFileType = sourcecode.swift; path = UIColor.swift; sourceTree = "<group>"; };
		E2BB6FDA25EB6DF600731EDE /* ModelManagedObject.swift */ = {isa = PBXFileReference; lastKnownFileType = sourcecode.swift; path = ModelManagedObject.swift; sourceTree = "<group>"; };
		E2C9A75D25EEBA4700F50817 /* en */ = {isa = PBXFileReference; lastKnownFileType = text.plist.strings; name = en; path = en.lproj/Localizable.strings; sourceTree = "<group>"; };
/* End PBXFileReference section */

/* Begin PBXFrameworksBuildPhase section */
		E25A15B425E072740065517B /* Frameworks */ = {
			isa = PBXFrameworksBuildPhase;
			buildActionMask = 2147483647;
			files = (
				7F5DA90C2620E67A00043B18 /* CloudKit.framework in Frameworks */,
			);
			runOnlyForDeploymentPostprocessing = 0;
		};
		E25A15CD25E072780065517B /* Frameworks */ = {
			isa = PBXFrameworksBuildPhase;
			buildActionMask = 2147483647;
			files = (
			);
			runOnlyForDeploymentPostprocessing = 0;
		};
		E25A15D825E072780065517B /* Frameworks */ = {
			isa = PBXFrameworksBuildPhase;
			buildActionMask = 2147483647;
			files = (
			);
			runOnlyForDeploymentPostprocessing = 0;
		};
/* End PBXFrameworksBuildPhase section */

/* Begin PBXGroup section */
		7F0835E6264C960F00A940FA /* Extensions */ = {
			isa = PBXGroup;
			children = (
				E25A166725E0804E0065517B /* Binding.swift */,
				E25A164225E07F4C0065517B /* Bundle.swift */,
				E25A160425E073B90065517B /* NSManagedObjectContext.swift */,
				7F0835EC264CA7AB00A940FA /* Publisher.swift */,
				E2BB6FC025EB3F2600731EDE /* UIColor.swift */,
			);
			path = Extensions;
			sourceTree = "<group>";
		};
		7F0835E7264C967600A940FA /* View Models */ = {
			isa = PBXGroup;
			children = (
				7F0835E8264C969200A940FA /* RecordsViewModel.swift */,
				7FE9BD6D264F777600E5FB18 /* DoorsViewModel.swift */,
			);
			path = "View Models";
			sourceTree = "<group>";
		};
		7F5310FD260E665900F5F3BE /* Record Row */ = {
			isa = PBXGroup;
			children = (
				7FE7139D262E17D800FF9B10 /* RecordRow.swift */,
				7F53110E260E714900F5F3BE /* RecordCollectionViewListCell.swift */,
				7F5310FE260E667300F5F3BE /* RecordCollectionViewListCellContentConfiguration.swift */,
				7F531103260E66B400F5F3BE /* RecordCollectionViewListCellContentView.swift */,
			);
			path = "Record Row";
			sourceTree = "<group>";
		};
		7F5DA90A2620E67A00043B18 /* Frameworks */ = {
			isa = PBXGroup;
			children = (
				7F5DA90B2620E67A00043B18 /* CloudKit.framework */,
			);
			name = Frameworks;
			sourceTree = "<group>";
		};
		7FE9BD67264F700B00E5FB18 /* Record Form */ = {
			isa = PBXGroup;
			children = (
				E25A170625E095FE0065517B /* RecordFormView.swift */,
			);
			path = "Record Form";
			sourceTree = "<group>";
		};
		7FE9BD68264F70BD00E5FB18 /* Move Record */ = {
			isa = PBXGroup;
			children = (
				7FE71392262DF68200FF9B10 /* MoveRecordView.swift */,
			);
			path = "Move Record";
			sourceTree = "<group>";
		};
		7FE9BD6C264F769D00E5FB18 /* Door Form */ = {
			isa = PBXGroup;
			children = (
				7F49DFAB2620FD47006228A9 /* DoorFormView.swift */,
			);
			path = "Door Form";
			sourceTree = "<group>";
		};
		7FFEBDFF2638C6660098C160 /* Collection List Header */ = {
			isa = PBXGroup;
			children = (
				7FFEBE002638C9C40098C160 /* CollectionListHeader.swift */,
				7FFEBE06263B8B270098C160 /* CollectionListHeaderCell.swift */,
				7FFEBE042638CBF80098C160 /* CollectionListHeaderCellContentConfiguration.swift */,
				7FFEBE022638CBBB0098C160 /* CollectionListHeaderCellContentView.swift */,
			);
			path = "Collection List Header";
			sourceTree = "<group>";
		};
		E25A15AE25E072740065517B = {
			isa = PBXGroup;
			children = (
				E25A15B925E072740065517B /* Knock Knock */,
				E25A15D325E072780065517B /* Knock KnockTests */,
				E25A15DE25E072780065517B /* Knock KnockUITests */,
				E25A15B825E072740065517B /* Products */,
				7F5DA90A2620E67A00043B18 /* Frameworks */,
			);
			sourceTree = "<group>";
		};
		E25A15B825E072740065517B /* Products */ = {
			isa = PBXGroup;
			children = (
				E25A15B725E072740065517B /* Knock Knock.app */,
				E25A15D025E072780065517B /* Knock KnockTests.xctest */,
				E25A15DB25E072780065517B /* Knock KnockUITests.xctest */,
			);
			name = Products;
			sourceTree = "<group>";
		};
		E25A15B925E072740065517B /* Knock Knock */ = {
			isa = PBXGroup;
			children = (
				E24673BA25F0623600A0653B /* AppDelegate.swift */,
				E24673C525F0625700A0653B /* SceneDelegate.swift */,
				E25A16D825E08A380065517B /* Views */,
				7F0835E7264C967600A940FA /* View Models */,
				E25A162F25E07B8D0065517B /* Components */,
				E25A161625E079620065517B /* Theme */,
				E27AAB2325EEB08500342603 /* Localization */,
				E25A161225E077FC0065517B /* Models */,
				E25A165225E07FBA0065517B /* Services */,
				E25A160025E073AC0065517B /* Utilities */,
				7F0835E6264C960F00A940FA /* Extensions */,
				E25A15CB25E072780065517B /* Info.plist */,
				E25A176525E0B52B0065517B /* Knock Knock.entitlements */,
				E25A15C525E072780065517B /* Preview Content */,
			);
			path = "Knock Knock";
			sourceTree = "<group>";
		};
		E25A15C525E072780065517B /* Preview Content */ = {
			isa = PBXGroup;
			children = (
				E25A15C625E072780065517B /* Preview Assets.xcassets */,
			);
			path = "Preview Content";
			sourceTree = "<group>";
		};
		E25A15D325E072780065517B /* Knock KnockTests */ = {
			isa = PBXGroup;
			children = (
				E25A15D425E072780065517B /* Knock_KnockTests.swift */,
				E25A15D625E072780065517B /* Info.plist */,
			);
			path = "Knock KnockTests";
			sourceTree = "<group>";
		};
		E25A15DE25E072780065517B /* Knock KnockUITests */ = {
			isa = PBXGroup;
			children = (
				E25A15DF25E072780065517B /* Knock_KnockUITests.swift */,
				E25A15E125E072780065517B /* Info.plist */,
			);
			path = "Knock KnockUITests";
			sourceTree = "<group>";
		};
		E25A160025E073AC0065517B /* Utilities */ = {
			isa = PBXGroup;
			children = (
				7FD8B3502620BD0100B51D86 /* CoreDataPublisher.swift */,
				E25A164725E07F8D0065517B /* Configure.swift */,
				7F0835EA264CA30400A940FA /* FetchedObjectList.swift */,
				7FD99B8226817D1D00EE6E1A /* ManagedObjectChangesPublisher.swift */,
				E2BB6FDA25EB6DF600731EDE /* ModelManagedObject.swift */,
				E25A166C25E080960065517B /* PlatformModifiers.swift */,
				E25A167425E080D00065517B /* SheetState.swift */,
				E25A167E25E081750065517B /* UserDefault.swift */,
				7F49DFD626221F80006228A9 /* UIEnvironmentValues.swift */,
			);
			path = Utilities;
			sourceTree = "<group>";
		};
		E25A161225E077FC0065517B /* Models */ = {
			isa = PBXGroup;
			children = (
				E25A172525E0B1C70065517B /* Territory */,
				E25A16B625E0851D0065517B /* Record */,
				E25A16B725E085240065517B /* Door */,
				E25A16B825E085290065517B /* Visit */,
				E25A162925E07AC60065517B /* Knock_Knock.xcdatamodeld */,
				E25A15F025E072F10065517B /* Persistence.swift */,
				7F66B8DB2687B33700045C53 /* CollectionItem.swift */,
			);
			path = Models;
			sourceTree = "<group>";
		};
		E25A161625E079620065517B /* Theme */ = {
			isa = PBXGroup;
			children = (
				E25A15C325E072780065517B /* Assets.xcassets */,
				E27AAB0C25ED8B9D00342603 /* Color+Extension.swift */,
				E25A169A25E083A80065517B /* CardGroupBoxStyle.swift */,
				7F2892D1263391EA009A8ADE /* ScaleButtonStyle.swift */,
			);
			path = Theme;
			sourceTree = "<group>";
		};
		E25A162F25E07B8D0065517B /* Components */ = {
			isa = PBXGroup;
			children = (
				7FFEBDFF2638C6660098C160 /* Collection List Header */,
				7F5310FD260E665900F5F3BE /* Record Row */,
				E25A163825E07BFF0065517B /* DeleteConfirmation.swift */,
				7FB741692633504000D0C224 /* EnvironmentUIPreviewWrapper.swift */,
				E25A163D25E07CC30065517B /* FilledBackground.swift */,
				E25A168325E081B60065517B /* FormLabel.swift */,
				7FE9BD6A264F73EC00E5FB18 /* NavigationSubheader.swift */,
				E25A167925E081430065517B /* StatefulPreviewWrapper.swift */,
				E25A169525E083240065517B /* Tag.swift */,
				7F5311272610404D00F5F3BE /* UIFont+Extension.swift */,
				7F8A31722622460C003F8FB7 /* View+AssignToUI.swift */,
				7FE713A8262E3A2F00FF9B10 /* VisualEffectView.swift */,
			);
			path = Components;
			sourceTree = "<group>";
		};
		E25A165225E07FBA0065517B /* Services */ = {
			isa = PBXGroup;
			children = (
				E25A165B25E080060065517B /* Location */,
			);
			path = Services;
			sourceTree = "<group>";
		};
		E25A165B25E080060065517B /* Location */ = {
			isa = PBXGroup;
			children = (
				E25A165325E07FC70065517B /* LocationManager.swift */,
				E25A165F25E080190065517B /* LocationRequest.swift */,
			);
			path = Location;
			sourceTree = "<group>";
		};
		E25A16B625E0851D0065517B /* Record */ = {
			isa = PBXGroup;
			children = (
				E25A16A725E084390065517B /* Record+Extension.swift */,
				E25A16D025E0863C0065517B /* Record+UI.swift */,
				E25A16B925E0854C0065517B /* RecordType.swift */,
			);
			path = Record;
			sourceTree = "<group>";
		};
		E25A16B725E085240065517B /* Door */ = {
			isa = PBXGroup;
			children = (
				E25A16AC25E0847C0065517B /* Door+Extension.swift */,
			);
			path = Door;
			sourceTree = "<group>";
		};
		E25A16B825E085290065517B /* Visit */ = {
			isa = PBXGroup;
			children = (
				E25A16B125E084BD0065517B /* Visit+Extension.swift */,
				E25A16CB25E085E50065517B /* Visit+UI.swift */,
				E25A16C125E0857B0065517B /* VisitSymbol.swift */,
				E25A16C625E085940065517B /* VisitPerson.swift */,
			);
			path = Visit;
			sourceTree = "<group>";
		};
		E25A16D825E08A380065517B /* Views */ = {
			isa = PBXGroup;
			children = (
				7F27D54D2620D6B0000B7360 /* RootViewController.swift */,
				E25A16FF25E095A70065517B /* Records */,
				E25A16D925E08A400065517B /* Doors */,
				7FE9BD67264F700B00E5FB18 /* Record Form */,
				7FE9BD68264F70BD00E5FB18 /* Move Record */,
				7FE9BD6C264F769D00E5FB18 /* Door Form */,
			);
			path = Views;
			sourceTree = "<group>";
		};
		E25A16D925E08A400065517B /* Doors */ = {
			isa = PBXGroup;
			children = (
				7FA3CAC32637B73000F9E130 /* DoorsViewController.swift */,
			);
			path = Doors;
			sourceTree = "<group>";
		};
		E25A16FF25E095A70065517B /* Records */ = {
			isa = PBXGroup;
			children = (
				E253C5CB25F0878900C0DDD8 /* RecordsViewController.swift */,
				7F5018CE264C22D90085EF93 /* RecordsCollectionView.swift */,
				7F5018CC264C222D0085EF93 /* RecordsCells.swift */,
			);
			path = Records;
			sourceTree = "<group>";
		};
		E25A172525E0B1C70065517B /* Territory */ = {
			isa = PBXGroup;
			children = (
				E25A172625E0B1D40065517B /* Territory+Extension.swift */,
			);
			path = Territory;
			sourceTree = "<group>";
		};
		E27AAB2325EEB08500342603 /* Localization */ = {
			isa = PBXGroup;
			children = (
				E2C9A75E25EEBA4700F50817 /* Localizable.strings */,
			);
			path = Localization;
			sourceTree = "<group>";
		};
/* End PBXGroup section */

/* Begin PBXNativeTarget section */
		E25A15B625E072740065517B /* Knock Knock */ = {
			isa = PBXNativeTarget;
			buildConfigurationList = E25A15E425E072780065517B /* Build configuration list for PBXNativeTarget "Knock Knock" */;
			buildPhases = (
				E25A15B325E072740065517B /* Sources */,
				E25A15B425E072740065517B /* Frameworks */,
				E25A15B525E072740065517B /* Resources */,
			);
			buildRules = (
			);
			dependencies = (
			);
			name = "Knock Knock";
			packageProductDependencies = (
			);
			productName = "Knock-Knock";
			productReference = E25A15B725E072740065517B /* Knock Knock.app */;
			productType = "com.apple.product-type.application";
		};
		E25A15CF25E072780065517B /* Knock KnockTests */ = {
			isa = PBXNativeTarget;
			buildConfigurationList = E25A15E725E072780065517B /* Build configuration list for PBXNativeTarget "Knock KnockTests" */;
			buildPhases = (
				E25A15CC25E072780065517B /* Sources */,
				E25A15CD25E072780065517B /* Frameworks */,
				E25A15CE25E072780065517B /* Resources */,
			);
			buildRules = (
			);
			dependencies = (
				E25A15D225E072780065517B /* PBXTargetDependency */,
			);
			name = "Knock KnockTests";
			productName = "Knock-KnockTests";
			productReference = E25A15D025E072780065517B /* Knock KnockTests.xctest */;
			productType = "com.apple.product-type.bundle.unit-test";
		};
		E25A15DA25E072780065517B /* Knock KnockUITests */ = {
			isa = PBXNativeTarget;
			buildConfigurationList = E25A15EA25E072780065517B /* Build configuration list for PBXNativeTarget "Knock KnockUITests" */;
			buildPhases = (
				E25A15D725E072780065517B /* Sources */,
				E25A15D825E072780065517B /* Frameworks */,
				E25A15D925E072780065517B /* Resources */,
			);
			buildRules = (
			);
			dependencies = (
				E25A15DD25E072780065517B /* PBXTargetDependency */,
			);
			name = "Knock KnockUITests";
			productName = "Knock-KnockUITests";
			productReference = E25A15DB25E072780065517B /* Knock KnockUITests.xctest */;
			productType = "com.apple.product-type.bundle.ui-testing";
		};
/* End PBXNativeTarget section */

/* Begin PBXProject section */
		E25A15AF25E072740065517B /* Project object */ = {
			isa = PBXProject;
			attributes = {
				LastSwiftUpdateCheck = 1240;
				LastUpgradeCheck = 1240;
				TargetAttributes = {
					E25A15B625E072740065517B = {
						CreatedOnToolsVersion = 12.4;
					};
					E25A15CF25E072780065517B = {
						CreatedOnToolsVersion = 12.4;
						TestTargetID = E25A15B625E072740065517B;
					};
					E25A15DA25E072780065517B = {
						CreatedOnToolsVersion = 12.4;
						TestTargetID = E25A15B625E072740065517B;
					};
				};
			};
			buildConfigurationList = E25A15B225E072740065517B /* Build configuration list for PBXProject "Knock Knock" */;
			compatibilityVersion = "Xcode 9.3";
			developmentRegion = en;
			hasScannedForEncodings = 0;
			knownRegions = (
				en,
				Base,
			);
			mainGroup = E25A15AE25E072740065517B;
			packageReferences = (
			);
			productRefGroup = E25A15B825E072740065517B /* Products */;
			projectDirPath = "";
			projectRoot = "";
			targets = (
				E25A15B625E072740065517B /* Knock Knock */,
				E25A15CF25E072780065517B /* Knock KnockTests */,
				E25A15DA25E072780065517B /* Knock KnockUITests */,
			);
		};
/* End PBXProject section */

/* Begin PBXResourcesBuildPhase section */
		E25A15B525E072740065517B /* Resources */ = {
			isa = PBXResourcesBuildPhase;
			buildActionMask = 2147483647;
			files = (
				E25A15C725E072780065517B /* Preview Assets.xcassets in Resources */,
				E25A15C425E072780065517B /* Assets.xcassets in Resources */,
				E2C9A75C25EEBA4700F50817 /* Localizable.strings in Resources */,
			);
			runOnlyForDeploymentPostprocessing = 0;
		};
		E25A15CE25E072780065517B /* Resources */ = {
			isa = PBXResourcesBuildPhase;
			buildActionMask = 2147483647;
			files = (
			);
			runOnlyForDeploymentPostprocessing = 0;
		};
		E25A15D925E072780065517B /* Resources */ = {
			isa = PBXResourcesBuildPhase;
			buildActionMask = 2147483647;
			files = (
			);
			runOnlyForDeploymentPostprocessing = 0;
		};
/* End PBXResourcesBuildPhase section */

/* Begin PBXSourcesBuildPhase section */
		E25A15B325E072740065517B /* Sources */ = {
			isa = PBXSourcesBuildPhase;
			buildActionMask = 2147483647;
			files = (
				E25A164825E07F8D0065517B /* Configure.swift in Sources */,
				7F5018CF264C22D90085EF93 /* RecordsCollectionView.swift in Sources */,
				E25A162B25E07AC60065517B /* Knock_Knock.xcdatamodeld in Sources */,
				E25A16D125E0863C0065517B /* Record+UI.swift in Sources */,
				7FE71393262DF68200FF9B10 /* MoveRecordView.swift in Sources */,
				7FE9BD6B264F73EC00E5FB18 /* NavigationSubheader.swift in Sources */,
				7FFEBE012638C9C40098C160 /* CollectionListHeader.swift in Sources */,
				E25A160525E073B90065517B /* NSManagedObjectContext.swift in Sources */,
				7FE713A9262E3A2F00FF9B10 /* VisualEffectView.swift in Sources */,
				E25A16CC25E085E50065517B /* Visit+UI.swift in Sources */,
				E25A167525E080D00065517B /* SheetState.swift in Sources */,
				E25A169625E083240065517B /* Tag.swift in Sources */,
				E25A167A25E081430065517B /* StatefulPreviewWrapper.swift in Sources */,
				E27AAB0D25ED8B9D00342603 /* Color+Extension.swift in Sources */,
				7F49DFAC2620FD47006228A9 /* DoorFormView.swift in Sources */,
				7F49DFD726221F80006228A9 /* UIEnvironmentValues.swift in Sources */,
				E24673BB25F0623600A0653B /* AppDelegate.swift in Sources */,
				E25A163E25E07CC30065517B /* FilledBackground.swift in Sources */,
				E25A16BA25E0854C0065517B /* RecordType.swift in Sources */,
				7F66B8DC2687B33700045C53 /* CollectionItem.swift in Sources */,
				7FFEBE052638CBF80098C160 /* CollectionListHeaderCellContentConfiguration.swift in Sources */,
				E2BB6FC125EB3F2600731EDE /* UIColor.swift in Sources */,
				7FE9BD6E264F777600E5FB18 /* DoorsViewModel.swift in Sources */,
				7F5018CD264C222D0085EF93 /* RecordsCells.swift in Sources */,
				7FFEBE07263B8B270098C160 /* CollectionListHeaderCell.swift in Sources */,
				E25A16B225E084BD0065517B /* Visit+Extension.swift in Sources */,
				E25A169B25E083A80065517B /* CardGroupBoxStyle.swift in Sources */,
				7FE7139E262E17D800FF9B10 /* RecordRow.swift in Sources */,
				7F0835ED264CA7AB00A940FA /* Publisher.swift in Sources */,
				E25A170725E095FE0065517B /* RecordFormView.swift in Sources */,
				E25A15F125E072F10065517B /* Persistence.swift in Sources */,
				7F0835EB264CA30400A940FA /* FetchedObjectList.swift in Sources */,
				E25A172725E0B1D40065517B /* Territory+Extension.swift in Sources */,
				E25A163925E07BFF0065517B /* DeleteConfirmation.swift in Sources */,
				E25A165425E07FC70065517B /* LocationManager.swift in Sources */,
				7F0835E9264C969200A940FA /* RecordsViewModel.swift in Sources */,
				E25A16AD25E0847C0065517B /* Door+Extension.swift in Sources */,
				E25A166025E080190065517B /* LocationRequest.swift in Sources */,
				7FFEBE032638CBBB0098C160 /* CollectionListHeaderCellContentView.swift in Sources */,
				7F2892D2263391EA009A8ADE /* ScaleButtonStyle.swift in Sources */,
				7F5310FF260E667300F5F3BE /* RecordCollectionViewListCellContentConfiguration.swift in Sources */,
				E25A167F25E081750065517B /* UserDefault.swift in Sources */,
				E25A16C725E085940065517B /* VisitPerson.swift in Sources */,
				E25A164325E07F4C0065517B /* Bundle.swift in Sources */,
				7F8A31732622460C003F8FB7 /* View+AssignToUI.swift in Sources */,
				7F531104260E66B400F5F3BE /* RecordCollectionViewListCellContentView.swift in Sources */,
				7FD99B8326817D1D00EE6E1A /* ManagedObjectChangesPublisher.swift in Sources */,
				E25A166825E0804E0065517B /* Binding.swift in Sources */,
				7F27D54E2620D6B0000B7360 /* RootViewController.swift in Sources */,
				E25A16C225E0857B0065517B /* VisitSymbol.swift in Sources */,
				E25A16A825E084390065517B /* Record+Extension.swift in Sources */,
				E253C5CC25F0878900C0DDD8 /* RecordsViewController.swift in Sources */,
				7FA3CAC42637B73000F9E130 /* DoorsViewController.swift in Sources */,
				E2BB6FDB25EB6DF600731EDE /* ModelManagedObject.swift in Sources */,
				7F53110F260E714900F5F3BE /* RecordCollectionViewListCell.swift in Sources */,
				7FD8B3512620BD0100B51D86 /* CoreDataPublisher.swift in Sources */,
				7FB7416A2633504000D0C224 /* EnvironmentUIPreviewWrapper.swift in Sources */,
				7F5311282610404D00F5F3BE /* UIFont+Extension.swift in Sources */,
				E24673C625F0625700A0653B /* SceneDelegate.swift in Sources */,
				E25A166D25E080960065517B /* PlatformModifiers.swift in Sources */,
				E25A168425E081B60065517B /* FormLabel.swift in Sources */,
			);
			runOnlyForDeploymentPostprocessing = 0;
		};
		E25A15CC25E072780065517B /* Sources */ = {
			isa = PBXSourcesBuildPhase;
			buildActionMask = 2147483647;
			files = (
				E25A15D525E072780065517B /* Knock_KnockTests.swift in Sources */,
			);
			runOnlyForDeploymentPostprocessing = 0;
		};
		E25A15D725E072780065517B /* Sources */ = {
			isa = PBXSourcesBuildPhase;
			buildActionMask = 2147483647;
			files = (
				E25A15E025E072780065517B /* Knock_KnockUITests.swift in Sources */,
			);
			runOnlyForDeploymentPostprocessing = 0;
		};
/* End PBXSourcesBuildPhase section */

/* Begin PBXTargetDependency section */
		E25A15D225E072780065517B /* PBXTargetDependency */ = {
			isa = PBXTargetDependency;
			target = E25A15B625E072740065517B /* Knock Knock */;
			targetProxy = E25A15D125E072780065517B /* PBXContainerItemProxy */;
		};
		E25A15DD25E072780065517B /* PBXTargetDependency */ = {
			isa = PBXTargetDependency;
			target = E25A15B625E072740065517B /* Knock Knock */;
			targetProxy = E25A15DC25E072780065517B /* PBXContainerItemProxy */;
		};
/* End PBXTargetDependency section */

/* Begin PBXVariantGroup section */
		E2C9A75E25EEBA4700F50817 /* Localizable.strings */ = {
			isa = PBXVariantGroup;
			children = (
				E2C9A75D25EEBA4700F50817 /* en */,
			);
			name = Localizable.strings;
			sourceTree = "<group>";
		};
/* End PBXVariantGroup section */

/* Begin XCBuildConfiguration section */
		E25A15E225E072780065517B /* Debug */ = {
			isa = XCBuildConfiguration;
			buildSettings = {
				ALWAYS_SEARCH_USER_PATHS = NO;
				CLANG_ANALYZER_NONNULL = YES;
				CLANG_ANALYZER_NUMBER_OBJECT_CONVERSION = YES_AGGRESSIVE;
				CLANG_CXX_LANGUAGE_STANDARD = "gnu++14";
				CLANG_CXX_LIBRARY = "libc++";
				CLANG_ENABLE_MODULES = YES;
				CLANG_ENABLE_OBJC_ARC = YES;
				CLANG_ENABLE_OBJC_WEAK = YES;
				CLANG_WARN_BLOCK_CAPTURE_AUTORELEASING = YES;
				CLANG_WARN_BOOL_CONVERSION = YES;
				CLANG_WARN_COMMA = YES;
				CLANG_WARN_CONSTANT_CONVERSION = YES;
				CLANG_WARN_DEPRECATED_OBJC_IMPLEMENTATIONS = YES;
				CLANG_WARN_DIRECT_OBJC_ISA_USAGE = YES_ERROR;
				CLANG_WARN_DOCUMENTATION_COMMENTS = YES;
				CLANG_WARN_EMPTY_BODY = YES;
				CLANG_WARN_ENUM_CONVERSION = YES;
				CLANG_WARN_INFINITE_RECURSION = YES;
				CLANG_WARN_INT_CONVERSION = YES;
				CLANG_WARN_NON_LITERAL_NULL_CONVERSION = YES;
				CLANG_WARN_OBJC_IMPLICIT_RETAIN_SELF = YES;
				CLANG_WARN_OBJC_LITERAL_CONVERSION = YES;
				CLANG_WARN_OBJC_ROOT_CLASS = YES_ERROR;
				CLANG_WARN_QUOTED_INCLUDE_IN_FRAMEWORK_HEADER = YES;
				CLANG_WARN_RANGE_LOOP_ANALYSIS = YES;
				CLANG_WARN_STRICT_PROTOTYPES = YES;
				CLANG_WARN_SUSPICIOUS_MOVE = YES;
				CLANG_WARN_UNGUARDED_AVAILABILITY = YES_AGGRESSIVE;
				CLANG_WARN_UNREACHABLE_CODE = YES;
				CLANG_WARN__DUPLICATE_METHOD_MATCH = YES;
				COPY_PHASE_STRIP = NO;
				DEBUG_INFORMATION_FORMAT = dwarf;
				ENABLE_STRICT_OBJC_MSGSEND = YES;
				ENABLE_TESTABILITY = YES;
				GCC_C_LANGUAGE_STANDARD = gnu11;
				GCC_DYNAMIC_NO_PIC = NO;
				GCC_NO_COMMON_BLOCKS = YES;
				GCC_OPTIMIZATION_LEVEL = 0;
				GCC_PREPROCESSOR_DEFINITIONS = (
					"DEBUG=1",
					"$(inherited)",
				);
				GCC_WARN_64_TO_32_BIT_CONVERSION = YES;
				GCC_WARN_ABOUT_RETURN_TYPE = YES_ERROR;
				GCC_WARN_UNDECLARED_SELECTOR = YES;
				GCC_WARN_UNINITIALIZED_AUTOS = YES_AGGRESSIVE;
				GCC_WARN_UNUSED_FUNCTION = YES;
				GCC_WARN_UNUSED_VARIABLE = YES;
				IPHONEOS_DEPLOYMENT_TARGET = 14.4;
				MTL_ENABLE_DEBUG_INFO = INCLUDE_SOURCE;
				MTL_FAST_MATH = YES;
				ONLY_ACTIVE_ARCH = YES;
				SDKROOT = iphoneos;
				SWIFT_ACTIVE_COMPILATION_CONDITIONS = DEBUG;
				SWIFT_OPTIMIZATION_LEVEL = "-Onone";
			};
			name = Debug;
		};
		E25A15E325E072780065517B /* Release */ = {
			isa = XCBuildConfiguration;
			buildSettings = {
				ALWAYS_SEARCH_USER_PATHS = NO;
				CLANG_ANALYZER_NONNULL = YES;
				CLANG_ANALYZER_NUMBER_OBJECT_CONVERSION = YES_AGGRESSIVE;
				CLANG_CXX_LANGUAGE_STANDARD = "gnu++14";
				CLANG_CXX_LIBRARY = "libc++";
				CLANG_ENABLE_MODULES = YES;
				CLANG_ENABLE_OBJC_ARC = YES;
				CLANG_ENABLE_OBJC_WEAK = YES;
				CLANG_WARN_BLOCK_CAPTURE_AUTORELEASING = YES;
				CLANG_WARN_BOOL_CONVERSION = YES;
				CLANG_WARN_COMMA = YES;
				CLANG_WARN_CONSTANT_CONVERSION = YES;
				CLANG_WARN_DEPRECATED_OBJC_IMPLEMENTATIONS = YES;
				CLANG_WARN_DIRECT_OBJC_ISA_USAGE = YES_ERROR;
				CLANG_WARN_DOCUMENTATION_COMMENTS = YES;
				CLANG_WARN_EMPTY_BODY = YES;
				CLANG_WARN_ENUM_CONVERSION = YES;
				CLANG_WARN_INFINITE_RECURSION = YES;
				CLANG_WARN_INT_CONVERSION = YES;
				CLANG_WARN_NON_LITERAL_NULL_CONVERSION = YES;
				CLANG_WARN_OBJC_IMPLICIT_RETAIN_SELF = YES;
				CLANG_WARN_OBJC_LITERAL_CONVERSION = YES;
				CLANG_WARN_OBJC_ROOT_CLASS = YES_ERROR;
				CLANG_WARN_QUOTED_INCLUDE_IN_FRAMEWORK_HEADER = YES;
				CLANG_WARN_RANGE_LOOP_ANALYSIS = YES;
				CLANG_WARN_STRICT_PROTOTYPES = YES;
				CLANG_WARN_SUSPICIOUS_MOVE = YES;
				CLANG_WARN_UNGUARDED_AVAILABILITY = YES_AGGRESSIVE;
				CLANG_WARN_UNREACHABLE_CODE = YES;
				CLANG_WARN__DUPLICATE_METHOD_MATCH = YES;
				COPY_PHASE_STRIP = NO;
				DEBUG_INFORMATION_FORMAT = "dwarf-with-dsym";
				ENABLE_NS_ASSERTIONS = NO;
				ENABLE_STRICT_OBJC_MSGSEND = YES;
				GCC_C_LANGUAGE_STANDARD = gnu11;
				GCC_NO_COMMON_BLOCKS = YES;
				GCC_WARN_64_TO_32_BIT_CONVERSION = YES;
				GCC_WARN_ABOUT_RETURN_TYPE = YES_ERROR;
				GCC_WARN_UNDECLARED_SELECTOR = YES;
				GCC_WARN_UNINITIALIZED_AUTOS = YES_AGGRESSIVE;
				GCC_WARN_UNUSED_FUNCTION = YES;
				GCC_WARN_UNUSED_VARIABLE = YES;
				IPHONEOS_DEPLOYMENT_TARGET = 14.4;
				MTL_ENABLE_DEBUG_INFO = NO;
				MTL_FAST_MATH = YES;
				SDKROOT = iphoneos;
				SWIFT_COMPILATION_MODE = wholemodule;
				SWIFT_OPTIMIZATION_LEVEL = "-O";
				VALIDATE_PRODUCT = YES;
			};
			name = Release;
		};
		E25A15E525E072780065517B /* Debug */ = {
			isa = XCBuildConfiguration;
			buildSettings = {
				ASSETCATALOG_COMPILER_APPICON_NAME = AppIcon;
				ASSETCATALOG_COMPILER_GLOBAL_ACCENT_COLOR_NAME = AccentColor;
				CODE_SIGN_ENTITLEMENTS = "Knock Knock/Knock Knock.entitlements";
				CODE_SIGN_IDENTITY = "Apple Development";
				CODE_SIGN_STYLE = Automatic;
				DEVELOPMENT_ASSET_PATHS = "\"Knock Knock/Preview Content\"";
				DEVELOPMENT_TEAM = TASP75SZA7;
				ENABLE_PREVIEWS = YES;
				INFOPLIST_FILE = "Knock Knock/Info.plist";
				IPHONEOS_DEPLOYMENT_TARGET = 14.1;
				LD_RUNPATH_SEARCH_PATHS = (
					"$(inherited)",
					"@executable_path/Frameworks",
				);
				MARKETING_VERSION = 1.0;
				PRODUCT_BUNDLE_IDENTIFIER = "com.owendonckers.Knock-Knock";
				PRODUCT_NAME = "$(TARGET_NAME)";
				PROVISIONING_PROFILE_SPECIFIER = "";
				SUPPORTS_MACCATALYST = NO;
				SWIFT_VERSION = 5.0;
				TARGETED_DEVICE_FAMILY = "1,2";
			};
			name = Debug;
		};
		E25A15E625E072780065517B /* Release */ = {
			isa = XCBuildConfiguration;
			buildSettings = {
				ASSETCATALOG_COMPILER_APPICON_NAME = AppIcon;
				ASSETCATALOG_COMPILER_GLOBAL_ACCENT_COLOR_NAME = AccentColor;
				CODE_SIGN_ENTITLEMENTS = "Knock Knock/Knock Knock.entitlements";
				CODE_SIGN_IDENTITY = "Apple Development";
				CODE_SIGN_STYLE = Automatic;
				DEVELOPMENT_ASSET_PATHS = "\"Knock Knock/Preview Content\"";
				DEVELOPMENT_TEAM = TASP75SZA7;
				ENABLE_PREVIEWS = YES;
				INFOPLIST_FILE = "Knock Knock/Info.plist";
				IPHONEOS_DEPLOYMENT_TARGET = 14.1;
				LD_RUNPATH_SEARCH_PATHS = (
					"$(inherited)",
					"@executable_path/Frameworks",
				);
				MARKETING_VERSION = 1.0;
				PRODUCT_BUNDLE_IDENTIFIER = "com.owendonckers.Knock-Knock";
				PRODUCT_NAME = "$(TARGET_NAME)";
				PROVISIONING_PROFILE_SPECIFIER = "";
				SUPPORTS_MACCATALYST = NO;
				SWIFT_VERSION = 5.0;
				TARGETED_DEVICE_FAMILY = "1,2";
			};
			name = Release;
		};
		E25A15E825E072780065517B /* Debug */ = {
			isa = XCBuildConfiguration;
			buildSettings = {
				ALWAYS_EMBED_SWIFT_STANDARD_LIBRARIES = YES;
				BUNDLE_LOADER = "$(TEST_HOST)";
				CODE_SIGN_STYLE = Automatic;
				DEVELOPMENT_TEAM = TASP75SZA7;
				INFOPLIST_FILE = "Knock KnockTests/Info.plist";
				IPHONEOS_DEPLOYMENT_TARGET = 14.4;
				LD_RUNPATH_SEARCH_PATHS = (
					"$(inherited)",
					"@executable_path/Frameworks",
					"@loader_path/Frameworks",
				);
				PRODUCT_BUNDLE_IDENTIFIER = "com.owendonckers.Knock-KnockTests";
				PRODUCT_NAME = "$(TARGET_NAME)";
				SWIFT_VERSION = 5.0;
				TARGETED_DEVICE_FAMILY = "1,2";
				TEST_HOST = "$(BUILT_PRODUCTS_DIR)/Knock Knock.app/Knock Knock";
			};
			name = Debug;
		};
		E25A15E925E072780065517B /* Release */ = {
			isa = XCBuildConfiguration;
			buildSettings = {
				ALWAYS_EMBED_SWIFT_STANDARD_LIBRARIES = YES;
				BUNDLE_LOADER = "$(TEST_HOST)";
				CODE_SIGN_STYLE = Automatic;
				DEVELOPMENT_TEAM = TASP75SZA7;
				INFOPLIST_FILE = "Knock KnockTests/Info.plist";
				IPHONEOS_DEPLOYMENT_TARGET = 14.4;
				LD_RUNPATH_SEARCH_PATHS = (
					"$(inherited)",
					"@executable_path/Frameworks",
					"@loader_path/Frameworks",
				);
				PRODUCT_BUNDLE_IDENTIFIER = "com.owendonckers.Knock-KnockTests";
				PRODUCT_NAME = "$(TARGET_NAME)";
				SWIFT_VERSION = 5.0;
				TARGETED_DEVICE_FAMILY = "1,2";
				TEST_HOST = "$(BUILT_PRODUCTS_DIR)/Knock Knock.app/Knock Knock";
			};
			name = Release;
		};
		E25A15EB25E072780065517B /* Debug */ = {
			isa = XCBuildConfiguration;
			buildSettings = {
				ALWAYS_EMBED_SWIFT_STANDARD_LIBRARIES = YES;
				CODE_SIGN_STYLE = Automatic;
				DEVELOPMENT_TEAM = TASP75SZA7;
				INFOPLIST_FILE = "Knock KnockUITests/Info.plist";
				LD_RUNPATH_SEARCH_PATHS = (
					"$(inherited)",
					"@executable_path/Frameworks",
					"@loader_path/Frameworks",
				);
				PRODUCT_BUNDLE_IDENTIFIER = "com.owendonckers.Knock-KnockUITests";
				PRODUCT_NAME = "$(TARGET_NAME)";
				SWIFT_VERSION = 5.0;
				TARGETED_DEVICE_FAMILY = "1,2";
				TEST_TARGET_NAME = "Knock Knock";
			};
			name = Debug;
		};
		E25A15EC25E072780065517B /* Release */ = {
			isa = XCBuildConfiguration;
			buildSettings = {
				ALWAYS_EMBED_SWIFT_STANDARD_LIBRARIES = YES;
				CODE_SIGN_STYLE = Automatic;
				DEVELOPMENT_TEAM = TASP75SZA7;
				INFOPLIST_FILE = "Knock KnockUITests/Info.plist";
				LD_RUNPATH_SEARCH_PATHS = (
					"$(inherited)",
					"@executable_path/Frameworks",
					"@loader_path/Frameworks",
				);
				PRODUCT_BUNDLE_IDENTIFIER = "com.owendonckers.Knock-KnockUITests";
				PRODUCT_NAME = "$(TARGET_NAME)";
				SWIFT_VERSION = 5.0;
				TARGETED_DEVICE_FAMILY = "1,2";
				TEST_TARGET_NAME = "Knock Knock";
			};
			name = Release;
		};
/* End XCBuildConfiguration section */

/* Begin XCConfigurationList section */
		E25A15B225E072740065517B /* Build configuration list for PBXProject "Knock Knock" */ = {
			isa = XCConfigurationList;
			buildConfigurations = (
				E25A15E225E072780065517B /* Debug */,
				E25A15E325E072780065517B /* Release */,
			);
			defaultConfigurationIsVisible = 0;
			defaultConfigurationName = Release;
		};
		E25A15E425E072780065517B /* Build configuration list for PBXNativeTarget "Knock Knock" */ = {
			isa = XCConfigurationList;
			buildConfigurations = (
				E25A15E525E072780065517B /* Debug */,
				E25A15E625E072780065517B /* Release */,
			);
			defaultConfigurationIsVisible = 0;
			defaultConfigurationName = Release;
		};
		E25A15E725E072780065517B /* Build configuration list for PBXNativeTarget "Knock KnockTests" */ = {
			isa = XCConfigurationList;
			buildConfigurations = (
				E25A15E825E072780065517B /* Debug */,
				E25A15E925E072780065517B /* Release */,
			);
			defaultConfigurationIsVisible = 0;
			defaultConfigurationName = Release;
		};
		E25A15EA25E072780065517B /* Build configuration list for PBXNativeTarget "Knock KnockUITests" */ = {
			isa = XCConfigurationList;
			buildConfigurations = (
				E25A15EB25E072780065517B /* Debug */,
				E25A15EC25E072780065517B /* Release */,
			);
			defaultConfigurationIsVisible = 0;
			defaultConfigurationName = Release;
		};
/* End XCConfigurationList section */

/* Begin XCVersionGroup section */
		E25A162925E07AC60065517B /* Knock_Knock.xcdatamodeld */ = {
			isa = XCVersionGroup;
			children = (
				E25A162A25E07AC60065517B /* Knock_Knock.xcdatamodel */,
			);
			currentVersion = E25A162A25E07AC60065517B /* Knock_Knock.xcdatamodel */;
			path = Knock_Knock.xcdatamodeld;
			sourceTree = "<group>";
			versionGroupType = wrapper.xcdatamodel;
		};
/* End XCVersionGroup section */
	};
	rootObject = E25A15AF25E072740065517B /* Project object */;
}
